
Microsoft Visual Studio Solution File, Format Version 12.00
# Visual Studio Version 17
VisualStudioVersion = 17.11.34929.205
MinimumVisualStudioVersion = 10.0.40219.1
Project("{FAE04EC0-301F-11D3-BF4B-00C04F79EFBC}") = "CustomMinimalApiAttributes", "CustomMinimalApiAttributes\CustomMinimalApiAttributes.csproj", "{171F1E8C-4745-478F-8EDF-45B8725B885B}"
EndProject
Global
	GlobalSection(SolutionConfigurationPlatforms) = preSolution
		Debug|Any CPU = Debug|Any CPU
		Release|Any CPU = Release|Any CPU
	EndGlobalSection
	GlobalSection(ProjectConfigurationPlatforms) = postSolution
		{171F1E8C-4745-478F-8EDF-45B8725B885B}.Debug|Any CPU.ActiveCfg = Debug|Any CPU
		{171F1E8C-4745-478F-8EDF-45B8725B885B}.Debug|Any CPU.Build.0 = Debug|Any CPU
		{171F1E8C-4745-478F-8EDF-45B8725B885B}.Release|Any CPU.ActiveCfg = Release|Any CPU
		{171F1E8C-4745-478F-8EDF-45B8725B885B}.Release|Any CPU.Build.0 = Release|Any CPU
	EndGlobalSection
	GlobalSection(SolutionProperties) = preSolution
		HideSolutionNode = FALSE
	EndGlobalSection
	GlobalSection(ExtensibilityGlobals) = postSolution
		SolutionGuid = {972620B6-4814-4E2D-9DDD-FCE7C5AD3FE3}
	EndGlobalSection
EndGlobal
